
Microsoft Visual Studio Solution File, Format Version 12.00
# Visual Studio Version 16
VisualStudioVersion = 16.0.31410.357
MinimumVisualStudioVersion = 10.0.40219.1
Project("{D954291E-2A0B-460D-934E-DC6B0785DB48}") = "POSUNO.Shared", "POSUNO.Shared\POSUNO.Shared.shproj", "{6279C845-92F8-4333-AB99-3D213163593C}"
EndProject
Project("{2150E333-8FDC-42A3-9474-1A3956D46DE8}") = "Platforms", "Platforms", "{253A5E70-489A-493F-97E9-3660EA719161}"
EndProject
Project("{FAE04EC0-301F-11D3-BF4B-00C04F79EFBC}") = "POSUNO.Droid", "POSUNO.Droid\POSUNO.Droid.csproj", "{9CEB403A-D46E-4720-B8DF-B746992E4EE0}"
EndProject
Project("{FAE04EC0-301F-11D3-BF4B-00C04F79EFBC}") = "POSUNO.iOS", "POSUNO.iOS\POSUNO.iOS.csproj", "{ACCE505E-7514-46F6-8C4D-21B20A65BC96}"
EndProject
Project("{FAE04EC0-301F-11D3-BF4B-00C04F79EFBC}") = "POSUNO.UWP", "POSUNO.UWP\POSUNO.UWP.csproj", "{1BBA3A44-68D6-415D-99F8-B22A591B6FDA}"
EndProject
Project("{FAE04EC0-301F-11D3-BF4B-00C04F79EFBC}") = "POSUNO.Wasm", "POSUNO.Wasm\POSUNO.Wasm.csproj", "{CBBA364D-F65D-411E-8B15-4604867ABE89}"
EndProject
Project("{FAE04EC0-301F-11D3-BF4B-00C04F79EFBC}") = "POSUNO.macOS", "POSUNO.macOS\POSUNO.macOS.csproj", "{6490FFB9-D80A-430F-B252-2C084FD71BDB}"
EndProject
Project("{FAE04EC0-301F-11D3-BF4B-00C04F79EFBC}") = "POSUNO.Skia.Wpf.Host", "POSUNO.Skia.Wpf.Host\POSUNO.Skia.Wpf.Host.csproj", "{32EBEF7C-10D0-4BD8-B77A-8F8C0590F87A}"
EndProject
Project("{FAE04EC0-301F-11D3-BF4B-00C04F79EFBC}") = "POSUNO.Skia.Wpf", "POSUNO.Skia.Wpf\POSUNO.Skia.Wpf.csproj", "{0F9F7240-8F6B-47EC-A41F-40B8CF875A5F}"
EndProject
Project("{FAE04EC0-301F-11D3-BF4B-00C04F79EFBC}") = "POSUNO.Skia.Gtk", "POSUNO.Skia.Gtk\POSUNO.Skia.Gtk.csproj", "{F493754F-107E-46E5-AD25-C8943BEFFADA}"
EndProject
Project("{FAE04EC0-301F-11D3-BF4B-00C04F79EFBC}") = "POSUNO.Skia.Tizen", "POSUNO.Skia.Tizen\POSUNO.Skia.Tizen.csproj", "{348A45F3-1BB2-422E-AD49-AAAD7979E45D}"
EndProject
Project("{FAE04EC0-301F-11D3-BF4B-00C04F79EFBC}") = "POSUNO.Api", "..\POSUNO.Api\POSUNO.Api.csproj", "{F5A68761-691A-47C9-A25F-4551025D4DBA}"
EndProject
Global
	GlobalSection(SharedMSBuildProjectFiles) = preSolution
		POSUNO.Shared\POSUNO.Shared.projitems*{0f9f7240-8f6b-47ec-a41f-40b8cf875a5f}*SharedItemsImports = 5
		POSUNO.Shared\POSUNO.Shared.projitems*{1bba3a44-68d6-415d-99f8-b22a591b6fda}*SharedItemsImports = 4
		POSUNO.Shared\POSUNO.Shared.projitems*{348a45f3-1bb2-422e-ad49-aaad7979e45d}*SharedItemsImports = 5
		POSUNO.Shared\POSUNO.Shared.projitems*{6279c845-92f8-4333-ab99-3d213163593c}*SharedItemsImports = 13
		POSUNO.Shared\POSUNO.Shared.projitems*{6490ffb9-d80a-430f-b252-2c084fd71bdb}*SharedItemsImports = 4
		POSUNO.Shared\POSUNO.Shared.projitems*{9ceb403a-d46e-4720-b8df-b746992e4ee0}*SharedItemsImports = 4
		POSUNO.Shared\POSUNO.Shared.projitems*{acce505e-7514-46f6-8c4d-21b20a65bc96}*SharedItemsImports = 4
		POSUNO.Shared\POSUNO.Shared.projitems*{cbba364d-f65d-411e-8b15-4604867abe89}*SharedItemsImports = 5
		POSUNO.Shared\POSUNO.Shared.projitems*{f493754f-107e-46e5-ad25-c8943beffada}*SharedItemsImports = 5
	EndGlobalSection
	GlobalSection(SolutionConfigurationPlatforms) = preSolution
		Ad-Hoc|Any CPU = Ad-Hoc|Any CPU
		Ad-Hoc|ARM = Ad-Hoc|ARM
		Ad-Hoc|ARM64 = Ad-Hoc|ARM64
		Ad-Hoc|iPhone = Ad-Hoc|iPhone
		Ad-Hoc|iPhoneSimulator = Ad-Hoc|iPhoneSimulator
		Ad-Hoc|x64 = Ad-Hoc|x64
		Ad-Hoc|x86 = Ad-Hoc|x86
		AppStore|Any CPU = AppStore|Any CPU
		AppStore|ARM = AppStore|ARM
		AppStore|ARM64 = AppStore|ARM64
		AppStore|iPhone = AppStore|iPhone
		AppStore|iPhoneSimulator = AppStore|iPhoneSimulator
		AppStore|x64 = AppStore|x64
		AppStore|x86 = AppStore|x86
		Debug|Any CPU = Debug|Any CPU
		Debug|ARM = Debug|ARM
		Debug|ARM64 = Debug|ARM64
		Debug|iPhone = Debug|iPhone
		Debug|iPhoneSimulator = Debug|iPhoneSimulator
		Debug|x64 = Debug|x64
		Debug|x86 = Debug|x86
		Release|Any CPU = Release|Any CPU
		Release|ARM = Release|ARM
		Release|ARM64 = Release|ARM64
		Release|iPhone = Release|iPhone
		Release|iPhoneSimulator = Release|iPhoneSimulator
		Release|x64 = Release|x64
		Release|x86 = Release|x86
	EndGlobalSection
	GlobalSection(ProjectConfigurationPlatforms) = postSolution
		{9CEB403A-D46E-4720-B8DF-B746992E4EE0}.Ad-Hoc|Any CPU.ActiveCfg = Debug|Any CPU
		{9CEB403A-D46E-4720-B8DF-B746992E4EE0}.Ad-Hoc|Any CPU.Build.0 = Debug|Any CPU
		{9CEB403A-D46E-4720-B8DF-B746992E4EE0}.Ad-Hoc|Any CPU.Deploy.0 = Debug|Any CPU
		{9CEB403A-D46E-4720-B8DF-B746992E4EE0}.Ad-Hoc|ARM.ActiveCfg = Debug|Any CPU
		{9CEB403A-D46E-4720-B8DF-B746992E4EE0}.Ad-Hoc|ARM.Build.0 = Debug|Any CPU
		{9CEB403A-D46E-4720-B8DF-B746992E4EE0}.Ad-Hoc|ARM.Deploy.0 = Debug|Any CPU
		{9CEB403A-D46E-4720-B8DF-B746992E4EE0}.Ad-Hoc|ARM64.ActiveCfg = Debug|Any CPU
		{9CEB403A-D46E-4720-B8DF-B746992E4EE0}.Ad-Hoc|ARM64.Build.0 = Debug|Any CPU
		{9CEB403A-D46E-4720-B8DF-B746992E4EE0}.Ad-Hoc|ARM64.Deploy.0 = Debug|Any CPU
		{9CEB403A-D46E-4720-B8DF-B746992E4EE0}.Ad-Hoc|iPhone.ActiveCfg = Debug|Any CPU
		{9CEB403A-D46E-4720-B8DF-B746992E4EE0}.Ad-Hoc|iPhone.Build.0 = Debug|Any CPU
		{9CEB403A-D46E-4720-B8DF-B746992E4EE0}.Ad-Hoc|iPhone.Deploy.0 = Debug|Any CPU
		{9CEB403A-D46E-4720-B8DF-B746992E4EE0}.Ad-Hoc|iPhoneSimulator.ActiveCfg = Debug|Any CPU
		{9CEB403A-D46E-4720-B8DF-B746992E4EE0}.Ad-Hoc|iPhoneSimulator.Build.0 = Debug|Any CPU
		{9CEB403A-D46E-4720-B8DF-B746992E4EE0}.Ad-Hoc|iPhoneSimulator.Deploy.0 = Debug|Any CPU
		{9CEB403A-D46E-4720-B8DF-B746992E4EE0}.Ad-Hoc|x64.ActiveCfg = Debug|Any CPU
		{9CEB403A-D46E-4720-B8DF-B746992E4EE0}.Ad-Hoc|x64.Build.0 = Debug|Any CPU
		{9CEB403A-D46E-4720-B8DF-B746992E4EE0}.Ad-Hoc|x64.Deploy.0 = Debug|Any CPU
		{9CEB403A-D46E-4720-B8DF-B746992E4EE0}.Ad-Hoc|x86.ActiveCfg = Debug|Any CPU
		{9CEB403A-D46E-4720-B8DF-B746992E4EE0}.Ad-Hoc|x86.Build.0 = Debug|Any CPU
		{9CEB403A-D46E-4720-B8DF-B746992E4EE0}.Ad-Hoc|x86.Deploy.0 = Debug|Any CPU
		{9CEB403A-D46E-4720-B8DF-B746992E4EE0}.AppStore|Any CPU.ActiveCfg = Debug|Any CPU
		{9CEB403A-D46E-4720-B8DF-B746992E4EE0}.AppStore|Any CPU.Build.0 = Debug|Any CPU
		{9CEB403A-D46E-4720-B8DF-B746992E4EE0}.AppStore|Any CPU.Deploy.0 = Debug|Any CPU
		{9CEB403A-D46E-4720-B8DF-B746992E4EE0}.AppStore|ARM.ActiveCfg = Debug|Any CPU
		{9CEB403A-D46E-4720-B8DF-B746992E4EE0}.AppStore|ARM.Build.0 = Debug|Any CPU
		{9CEB403A-D46E-4720-B8DF-B746992E4EE0}.AppStore|ARM.Deploy.0 = Debug|Any CPU
		{9CEB403A-D46E-4720-B8DF-B746992E4EE0}.AppStore|ARM64.ActiveCfg = Debug|Any CPU
		{9CEB403A-D46E-4720-B8DF-B746992E4EE0}.AppStore|ARM64.Build.0 = Debug|Any CPU
		{9CEB403A-D46E-4720-B8DF-B746992E4EE0}.AppStore|ARM64.Deploy.0 = Debug|Any CPU
		{9CEB403A-D46E-4720-B8DF-B746992E4EE0}.AppStore|iPhone.ActiveCfg = Debug|Any CPU
		{9CEB403A-D46E-4720-B8DF-B746992E4EE0}.AppStore|iPhone.Build.0 = Debug|Any CPU
		{9CEB403A-D46E-4720-B8DF-B746992E4EE0}.AppStore|iPhone.Deploy.0 = Debug|Any CPU
		{9CEB403A-D46E-4720-B8DF-B746992E4EE0}.AppStore|iPhoneSimulator.ActiveCfg = Debug|Any CPU
		{9CEB403A-D46E-4720-B8DF-B746992E4EE0}.AppStore|iPhoneSimulator.Build.0 = Debug|Any CPU
		{9CEB403A-D46E-4720-B8DF-B746992E4EE0}.AppStore|iPhoneSimulator.Deploy.0 = Debug|Any CPU
		{9CEB403A-D46E-4720-B8DF-B746992E4EE0}.AppStore|x64.ActiveCfg = Debug|Any CPU
		{9CEB403A-D46E-4720-B8DF-B746992E4EE0}.AppStore|x64.Build.0 = Debug|Any CPU
		{9CEB403A-D46E-4720-B8DF-B746992E4EE0}.AppStore|x64.Deploy.0 = Debug|Any CPU
		{9CEB403A-D46E-4720-B8DF-B746992E4EE0}.AppStore|x86.ActiveCfg = Debug|Any CPU
		{9CEB403A-D46E-4720-B8DF-B746992E4EE0}.AppStore|x86.Build.0 = Debug|Any CPU
		{9CEB403A-D46E-4720-B8DF-B746992E4EE0}.AppStore|x86.Deploy.0 = Debug|Any CPU
		{9CEB403A-D46E-4720-B8DF-B746992E4EE0}.Debug|Any CPU.ActiveCfg = Debug|Any CPU
		{9CEB403A-D46E-4720-B8DF-B746992E4EE0}.Debug|Any CPU.Build.0 = Debug|Any CPU
		{9CEB403A-D46E-4720-B8DF-B746992E4EE0}.Debug|Any CPU.Deploy.0 = Debug|Any CPU
		{9CEB403A-D46E-4720-B8DF-B746992E4EE0}.Debug|ARM.ActiveCfg = Debug|Any CPU
		{9CEB403A-D46E-4720-B8DF-B746992E4EE0}.Debug|ARM.Build.0 = Debug|Any CPU
		{9CEB403A-D46E-4720-B8DF-B746992E4EE0}.Debug|ARM.Deploy.0 = Debug|Any CPU
		{9CEB403A-D46E-4720-B8DF-B746992E4EE0}.Debug|ARM64.ActiveCfg = Debug|Any CPU
		{9CEB403A-D46E-4720-B8DF-B746992E4EE0}.Debug|ARM64.Build.0 = Debug|Any CPU
		{9CEB403A-D46E-4720-B8DF-B746992E4EE0}.Debug|ARM64.Deploy.0 = Debug|Any CPU
		{9CEB403A-D46E-4720-B8DF-B746992E4EE0}.Debug|iPhone.ActiveCfg = Debug|Any CPU
		{9CEB403A-D46E-4720-B8DF-B746992E4EE0}.Debug|iPhone.Build.0 = Debug|Any CPU
		{9CEB403A-D46E-4720-B8DF-B746992E4EE0}.Debug|iPhone.Deploy.0 = Debug|Any CPU
		{9CEB403A-D46E-4720-B8DF-B746992E4EE0}.Debug|iPhoneSimulator.ActiveCfg = Debug|Any CPU
		{9CEB403A-D46E-4720-B8DF-B746992E4EE0}.Debug|iPhoneSimulator.Build.0 = Debug|Any CPU
		{9CEB403A-D46E-4720-B8DF-B746992E4EE0}.Debug|iPhoneSimulator.Deploy.0 = Debug|Any CPU
		{9CEB403A-D46E-4720-B8DF-B746992E4EE0}.Debug|x64.ActiveCfg = Debug|Any CPU
		{9CEB403A-D46E-4720-B8DF-B746992E4EE0}.Debug|x64.Build.0 = Debug|Any CPU
		{9CEB403A-D46E-4720-B8DF-B746992E4EE0}.Debug|x64.Deploy.0 = Debug|Any CPU
		{9CEB403A-D46E-4720-B8DF-B746992E4EE0}.Debug|x86.ActiveCfg = Debug|Any CPU
		{9CEB403A-D46E-4720-B8DF-B746992E4EE0}.Debug|x86.Build.0 = Debug|Any CPU
		{9CEB403A-D46E-4720-B8DF-B746992E4EE0}.Debug|x86.Deploy.0 = Debug|Any CPU
		{9CEB403A-D46E-4720-B8DF-B746992E4EE0}.Release|Any CPU.ActiveCfg = Release|Any CPU
		{9CEB403A-D46E-4720-B8DF-B746992E4EE0}.Release|Any CPU.Build.0 = Release|Any CPU
		{9CEB403A-D46E-4720-B8DF-B746992E4EE0}.Release|Any CPU.Deploy.0 = Release|Any CPU
		{9CEB403A-D46E-4720-B8DF-B746992E4EE0}.Release|ARM.ActiveCfg = Release|Any CPU
		{9CEB403A-D46E-4720-B8DF-B746992E4EE0}.Release|ARM.Build.0 = Release|Any CPU
		{9CEB403A-D46E-4720-B8DF-B746992E4EE0}.Release|ARM.Deploy.0 = Release|Any CPU
		{9CEB403A-D46E-4720-B8DF-B746992E4EE0}.Release|ARM64.ActiveCfg = Release|Any CPU
		{9CEB403A-D46E-4720-B8DF-B746992E4EE0}.Release|ARM64.Build.0 = Release|Any CPU
		{9CEB403A-D46E-4720-B8DF-B746992E4EE0}.Release|ARM64.Deploy.0 = Release|Any CPU
		{9CEB403A-D46E-4720-B8DF-B746992E4EE0}.Release|iPhone.ActiveCfg = Release|Any CPU
		{9CEB403A-D46E-4720-B8DF-B746992E4EE0}.Release|iPhone.Build.0 = Release|Any CPU
		{9CEB403A-D46E-4720-B8DF-B746992E4EE0}.Release|iPhone.Deploy.0 = Release|Any CPU
		{9CEB403A-D46E-4720-B8DF-B746992E4EE0}.Release|iPhoneSimulator.ActiveCfg = Release|Any CPU
		{9CEB403A-D46E-4720-B8DF-B746992E4EE0}.Release|iPhoneSimulator.Build.0 = Release|Any CPU
		{9CEB403A-D46E-4720-B8DF-B746992E4EE0}.Release|iPhoneSimulator.Deploy.0 = Release|Any CPU
		{9CEB403A-D46E-4720-B8DF-B746992E4EE0}.Release|x64.ActiveCfg = Release|Any CPU
		{9CEB403A-D46E-4720-B8DF-B746992E4EE0}.Release|x64.Build.0 = Release|Any CPU
		{9CEB403A-D46E-4720-B8DF-B746992E4EE0}.Release|x64.Deploy.0 = Release|Any CPU
		{9CEB403A-D46E-4720-B8DF-B746992E4EE0}.Release|x86.ActiveCfg = Release|Any CPU
		{9CEB403A-D46E-4720-B8DF-B746992E4EE0}.Release|x86.Build.0 = Release|Any CPU
		{9CEB403A-D46E-4720-B8DF-B746992E4EE0}.Release|x86.Deploy.0 = Release|Any CPU
		{ACCE505E-7514-46F6-8C4D-21B20A65BC96}.Ad-Hoc|Any CPU.ActiveCfg = Ad-Hoc|iPhoneSimulator
		{ACCE505E-7514-46F6-8C4D-21B20A65BC96}.Ad-Hoc|ARM.ActiveCfg = Ad-Hoc|iPhoneSimulator
		{ACCE505E-7514-46F6-8C4D-21B20A65BC96}.Ad-Hoc|ARM64.ActiveCfg = Ad-Hoc|iPhoneSimulator
		{ACCE505E-7514-46F6-8C4D-21B20A65BC96}.Ad-Hoc|iPhone.ActiveCfg = Ad-Hoc|iPhone
		{ACCE505E-7514-46F6-8C4D-21B20A65BC96}.Ad-Hoc|iPhone.Build.0 = Ad-Hoc|iPhone
		{ACCE505E-7514-46F6-8C4D-21B20A65BC96}.Ad-Hoc|iPhoneSimulator.ActiveCfg = Ad-Hoc|iPhoneSimulator
		{ACCE505E-7514-46F6-8C4D-21B20A65BC96}.Ad-Hoc|iPhoneSimulator.Build.0 = Ad-Hoc|iPhoneSimulator
		{ACCE505E-7514-46F6-8C4D-21B20A65BC96}.Ad-Hoc|x64.ActiveCfg = Ad-Hoc|iPhoneSimulator
		{ACCE505E-7514-46F6-8C4D-21B20A65BC96}.Ad-Hoc|x86.ActiveCfg = Ad-Hoc|iPhoneSimulator
		{ACCE505E-7514-46F6-8C4D-21B20A65BC96}.AppStore|Any CPU.ActiveCfg = AppStore|iPhoneSimulator
		{ACCE505E-7514-46F6-8C4D-21B20A65BC96}.AppStore|ARM.ActiveCfg = AppStore|iPhoneSimulator
		{ACCE505E-7514-46F6-8C4D-21B20A65BC96}.AppStore|ARM64.ActiveCfg = AppStore|iPhoneSimulator
		{ACCE505E-7514-46F6-8C4D-21B20A65BC96}.AppStore|iPhone.ActiveCfg = AppStore|iPhone
		{ACCE505E-7514-46F6-8C4D-21B20A65BC96}.AppStore|iPhone.Build.0 = AppStore|iPhone
		{ACCE505E-7514-46F6-8C4D-21B20A65BC96}.AppStore|iPhoneSimulator.ActiveCfg = AppStore|iPhoneSimulator
		{ACCE505E-7514-46F6-8C4D-21B20A65BC96}.AppStore|iPhoneSimulator.Build.0 = AppStore|iPhoneSimulator
		{ACCE505E-7514-46F6-8C4D-21B20A65BC96}.AppStore|x64.ActiveCfg = AppStore|iPhoneSimulator
		{ACCE505E-7514-46F6-8C4D-21B20A65BC96}.AppStore|x86.ActiveCfg = AppStore|iPhoneSimulator
		{ACCE505E-7514-46F6-8C4D-21B20A65BC96}.Debug|Any CPU.ActiveCfg = Debug|iPhoneSimulator
		{ACCE505E-7514-46F6-8C4D-21B20A65BC96}.Debug|ARM.ActiveCfg = Debug|iPhoneSimulator
		{ACCE505E-7514-46F6-8C4D-21B20A65BC96}.Debug|ARM64.ActiveCfg = Debug|iPhoneSimulator
		{ACCE505E-7514-46F6-8C4D-21B20A65BC96}.Debug|iPhone.ActiveCfg = Debug|iPhone
		{ACCE505E-7514-46F6-8C4D-21B20A65BC96}.Debug|iPhone.Build.0 = Debug|iPhone
		{ACCE505E-7514-46F6-8C4D-21B20A65BC96}.Debug|iPhoneSimulator.ActiveCfg = Debug|iPhoneSimulator
		{ACCE505E-7514-46F6-8C4D-21B20A65BC96}.Debug|iPhoneSimulator.Build.0 = Debug|iPhoneSimulator
		{ACCE505E-7514-46F6-8C4D-21B20A65BC96}.Debug|x64.ActiveCfg = Debug|iPhoneSimulator
		{ACCE505E-7514-46F6-8C4D-21B20A65BC96}.Debug|x86.ActiveCfg = Debug|iPhoneSimulator
		{ACCE505E-7514-46F6-8C4D-21B20A65BC96}.Release|Any CPU.ActiveCfg = Release|iPhoneSimulator
		{ACCE505E-7514-46F6-8C4D-21B20A65BC96}.Release|ARM.ActiveCfg = Release|iPhoneSimulator
		{ACCE505E-7514-46F6-8C4D-21B20A65BC96}.Release|ARM64.ActiveCfg = Release|iPhoneSimulator
		{ACCE505E-7514-46F6-8C4D-21B20A65BC96}.Release|iPhone.ActiveCfg = Release|iPhone
		{ACCE505E-7514-46F6-8C4D-21B20A65BC96}.Release|iPhone.Build.0 = Release|iPhone
		{ACCE505E-7514-46F6-8C4D-21B20A65BC96}.Release|iPhoneSimulator.ActiveCfg = Release|iPhoneSimulator
		{ACCE505E-7514-46F6-8C4D-21B20A65BC96}.Release|iPhoneSimulator.Build.0 = Release|iPhoneSimulator
		{ACCE505E-7514-46F6-8C4D-21B20A65BC96}.Release|x64.ActiveCfg = Release|iPhoneSimulator
		{ACCE505E-7514-46F6-8C4D-21B20A65BC96}.Release|x86.ActiveCfg = Release|iPhoneSimulator
		{1BBA3A44-68D6-415D-99F8-B22A591B6FDA}.Ad-Hoc|Any CPU.ActiveCfg = Debug|x86
		{1BBA3A44-68D6-415D-99F8-B22A591B6FDA}.Ad-Hoc|Any CPU.Build.0 = Debug|x86
		{1BBA3A44-68D6-415D-99F8-B22A591B6FDA}.Ad-Hoc|Any CPU.Deploy.0 = Debug|x86
		{1BBA3A44-68D6-415D-99F8-B22A591B6FDA}.Ad-Hoc|ARM.ActiveCfg = Debug|ARM
		{1BBA3A44-68D6-415D-99F8-B22A591B6FDA}.Ad-Hoc|ARM.Build.0 = Debug|ARM
		{1BBA3A44-68D6-415D-99F8-B22A591B6FDA}.Ad-Hoc|ARM.Deploy.0 = Debug|ARM
		{1BBA3A44-68D6-415D-99F8-B22A591B6FDA}.Ad-Hoc|ARM64.ActiveCfg = Debug|ARM64
		{1BBA3A44-68D6-415D-99F8-B22A591B6FDA}.Ad-Hoc|ARM64.Build.0 = Debug|ARM64
		{1BBA3A44-68D6-415D-99F8-B22A591B6FDA}.Ad-Hoc|ARM64.Deploy.0 = Debug|ARM64
		{1BBA3A44-68D6-415D-99F8-B22A591B6FDA}.Ad-Hoc|iPhone.ActiveCfg = Debug|x86
		{1BBA3A44-68D6-415D-99F8-B22A591B6FDA}.Ad-Hoc|iPhone.Build.0 = Debug|x86
		{1BBA3A44-68D6-415D-99F8-B22A591B6FDA}.Ad-Hoc|iPhone.Deploy.0 = Debug|x86
		{1BBA3A44-68D6-415D-99F8-B22A591B6FDA}.Ad-Hoc|iPhoneSimulator.ActiveCfg = Debug|x86
		{1BBA3A44-68D6-415D-99F8-B22A591B6FDA}.Ad-Hoc|iPhoneSimulator.Build.0 = Debug|x86
		{1BBA3A44-68D6-415D-99F8-B22A591B6FDA}.Ad-Hoc|iPhoneSimulator.Deploy.0 = Debug|x86
		{1BBA3A44-68D6-415D-99F8-B22A591B6FDA}.Ad-Hoc|x64.ActiveCfg = Debug|x64
		{1BBA3A44-68D6-415D-99F8-B22A591B6FDA}.Ad-Hoc|x64.Build.0 = Debug|x64
		{1BBA3A44-68D6-415D-99F8-B22A591B6FDA}.Ad-Hoc|x64.Deploy.0 = Debug|x64
		{1BBA3A44-68D6-415D-99F8-B22A591B6FDA}.Ad-Hoc|x86.ActiveCfg = Debug|x86
		{1BBA3A44-68D6-415D-99F8-B22A591B6FDA}.Ad-Hoc|x86.Build.0 = Debug|x86
		{1BBA3A44-68D6-415D-99F8-B22A591B6FDA}.Ad-Hoc|x86.Deploy.0 = Debug|x86
		{1BBA3A44-68D6-415D-99F8-B22A591B6FDA}.AppStore|Any CPU.ActiveCfg = Debug|x86
		{1BBA3A44-68D6-415D-99F8-B22A591B6FDA}.AppStore|Any CPU.Build.0 = Debug|x86
		{1BBA3A44-68D6-415D-99F8-B22A591B6FDA}.AppStore|Any CPU.Deploy.0 = Debug|x86
		{1BBA3A44-68D6-415D-99F8-B22A591B6FDA}.AppStore|ARM.ActiveCfg = Debug|ARM
		{1BBA3A44-68D6-415D-99F8-B22A591B6FDA}.AppStore|ARM.Build.0 = Debug|ARM
		{1BBA3A44-68D6-415D-99F8-B22A591B6FDA}.AppStore|ARM.Deploy.0 = Debug|ARM
		{1BBA3A44-68D6-415D-99F8-B22A591B6FDA}.AppStore|ARM64.ActiveCfg = Debug|ARM64
		{1BBA3A44-68D6-415D-99F8-B22A591B6FDA}.AppStore|ARM64.Build.0 = Debug|ARM64
		{1BBA3A44-68D6-415D-99F8-B22A591B6FDA}.AppStore|ARM64.Deploy.0 = Debug|ARM64
		{1BBA3A44-68D6-415D-99F8-B22A591B6FDA}.AppStore|iPhone.ActiveCfg = Debug|x86
		{1BBA3A44-68D6-415D-99F8-B22A591B6FDA}.AppStore|iPhone.Build.0 = Debug|x86
		{1BBA3A44-68D6-415D-99F8-B22A591B6FDA}.AppStore|iPhone.Deploy.0 = Debug|x86
		{1BBA3A44-68D6-415D-99F8-B22A591B6FDA}.AppStore|iPhoneSimulator.ActiveCfg = Debug|x86
		{1BBA3A44-68D6-415D-99F8-B22A591B6FDA}.AppStore|iPhoneSimulator.Build.0 = Debug|x86
		{1BBA3A44-68D6-415D-99F8-B22A591B6FDA}.AppStore|iPhoneSimulator.Deploy.0 = Debug|x86
		{1BBA3A44-68D6-415D-99F8-B22A591B6FDA}.AppStore|x64.ActiveCfg = Debug|x64
		{1BBA3A44-68D6-415D-99F8-B22A591B6FDA}.AppStore|x64.Build.0 = Debug|x64
		{1BBA3A44-68D6-415D-99F8-B22A591B6FDA}.AppStore|x64.Deploy.0 = Debug|x64
		{1BBA3A44-68D6-415D-99F8-B22A591B6FDA}.AppStore|x86.ActiveCfg = Debug|x86
		{1BBA3A44-68D6-415D-99F8-B22A591B6FDA}.AppStore|x86.Build.0 = Debug|x86
		{1BBA3A44-68D6-415D-99F8-B22A591B6FDA}.AppStore|x86.Deploy.0 = Debug|x86
		{1BBA3A44-68D6-415D-99F8-B22A591B6FDA}.Debug|Any CPU.ActiveCfg = Debug|x86
		{1BBA3A44-68D6-415D-99F8-B22A591B6FDA}.Debug|Any CPU.Build.0 = Debug|x86
		{1BBA3A44-68D6-415D-99F8-B22A591B6FDA}.Debug|Any CPU.Deploy.0 = Debug|x86
		{1BBA3A44-68D6-415D-99F8-B22A591B6FDA}.Debug|ARM.ActiveCfg = Debug|ARM
		{1BBA3A44-68D6-415D-99F8-B22A591B6FDA}.Debug|ARM.Build.0 = Debug|ARM
		{1BBA3A44-68D6-415D-99F8-B22A591B6FDA}.Debug|ARM.Deploy.0 = Debug|ARM
		{1BBA3A44-68D6-415D-99F8-B22A591B6FDA}.Debug|ARM64.ActiveCfg = Debug|ARM64
		{1BBA3A44-68D6-415D-99F8-B22A591B6FDA}.Debug|ARM64.Build.0 = Debug|ARM64
		{1BBA3A44-68D6-415D-99F8-B22A591B6FDA}.Debug|ARM64.Deploy.0 = Debug|ARM64
		{1BBA3A44-68D6-415D-99F8-B22A591B6FDA}.Debug|iPhone.ActiveCfg = Debug|x86
		{1BBA3A44-68D6-415D-99F8-B22A591B6FDA}.Debug|iPhoneSimulator.ActiveCfg = Debug|x86
		{1BBA3A44-68D6-415D-99F8-B22A591B6FDA}.Debug|x64.ActiveCfg = Debug|x64
		{1BBA3A44-68D6-415D-99F8-B22A591B6FDA}.Debug|x64.Build.0 = Debug|x64
		{1BBA3A44-68D6-415D-99F8-B22A591B6FDA}.Debug|x64.Deploy.0 = Debug|x64
		{1BBA3A44-68D6-415D-99F8-B22A591B6FDA}.Debug|x86.ActiveCfg = Debug|x86
		{1BBA3A44-68D6-415D-99F8-B22A591B6FDA}.Debug|x86.Build.0 = Debug|x86
		{1BBA3A44-68D6-415D-99F8-B22A591B6FDA}.Debug|x86.Deploy.0 = Debug|x86
		{1BBA3A44-68D6-415D-99F8-B22A591B6FDA}.Release|Any CPU.ActiveCfg = Release|x86
		{1BBA3A44-68D6-415D-99F8-B22A591B6FDA}.Release|ARM.ActiveCfg = Release|ARM
		{1BBA3A44-68D6-415D-99F8-B22A591B6FDA}.Release|ARM.Build.0 = Release|ARM
		{1BBA3A44-68D6-415D-99F8-B22A591B6FDA}.Release|ARM.Deploy.0 = Release|ARM
		{1BBA3A44-68D6-415D-99F8-B22A591B6FDA}.Release|ARM64.ActiveCfg = Release|ARM64
		{1BBA3A44-68D6-415D-99F8-B22A591B6FDA}.Release|ARM64.Build.0 = Release|ARM64
		{1BBA3A44-68D6-415D-99F8-B22A591B6FDA}.Release|ARM64.Deploy.0 = Release|ARM64
		{1BBA3A44-68D6-415D-99F8-B22A591B6FDA}.Release|iPhone.ActiveCfg = Release|x86
		{1BBA3A44-68D6-415D-99F8-B22A591B6FDA}.Release|iPhoneSimulator.ActiveCfg = Release|x86
		{1BBA3A44-68D6-415D-99F8-B22A591B6FDA}.Release|x64.ActiveCfg = Release|x64
		{1BBA3A44-68D6-415D-99F8-B22A591B6FDA}.Release|x64.Build.0 = Release|x64
		{1BBA3A44-68D6-415D-99F8-B22A591B6FDA}.Release|x64.Deploy.0 = Release|x64
		{1BBA3A44-68D6-415D-99F8-B22A591B6FDA}.Release|x86.ActiveCfg = Release|x86
		{1BBA3A44-68D6-415D-99F8-B22A591B6FDA}.Release|x86.Build.0 = Release|x86
		{1BBA3A44-68D6-415D-99F8-B22A591B6FDA}.Release|x86.Deploy.0 = Release|x86
		{CBBA364D-F65D-411E-8B15-4604867ABE89}.Ad-Hoc|Any CPU.ActiveCfg = Debug|Any CPU
		{CBBA364D-F65D-411E-8B15-4604867ABE89}.Ad-Hoc|Any CPU.Build.0 = Debug|Any CPU
		{CBBA364D-F65D-411E-8B15-4604867ABE89}.Ad-Hoc|ARM.ActiveCfg = Debug|Any CPU
		{CBBA364D-F65D-411E-8B15-4604867ABE89}.Ad-Hoc|ARM.Build.0 = Debug|Any CPU
		{CBBA364D-F65D-411E-8B15-4604867ABE89}.Ad-Hoc|ARM64.ActiveCfg = Debug|Any CPU
		{CBBA364D-F65D-411E-8B15-4604867ABE89}.Ad-Hoc|ARM64.Build.0 = Debug|Any CPU
		{CBBA364D-F65D-411E-8B15-4604867ABE89}.Ad-Hoc|iPhone.ActiveCfg = Debug|Any CPU
		{CBBA364D-F65D-411E-8B15-4604867ABE89}.Ad-Hoc|iPhone.Build.0 = Debug|Any CPU
		{CBBA364D-F65D-411E-8B15-4604867ABE89}.Ad-Hoc|iPhoneSimulator.ActiveCfg = Debug|Any CPU
		{CBBA364D-F65D-411E-8B15-4604867ABE89}.Ad-Hoc|iPhoneSimulator.Build.0 = Debug|Any CPU
		{CBBA364D-F65D-411E-8B15-4604867ABE89}.Ad-Hoc|x64.ActiveCfg = Debug|Any CPU
		{CBBA364D-F65D-411E-8B15-4604867ABE89}.Ad-Hoc|x64.Build.0 = Debug|Any CPU
		{CBBA364D-F65D-411E-8B15-4604867ABE89}.Ad-Hoc|x86.ActiveCfg = Debug|Any CPU
		{CBBA364D-F65D-411E-8B15-4604867ABE89}.Ad-Hoc|x86.Build.0 = Debug|Any CPU
		{CBBA364D-F65D-411E-8B15-4604867ABE89}.AppStore|Any CPU.ActiveCfg = Debug|Any CPU
		{CBBA364D-F65D-411E-8B15-4604867ABE89}.AppStore|Any CPU.Build.0 = Debug|Any CPU
		{CBBA364D-F65D-411E-8B15-4604867ABE89}.AppStore|ARM.ActiveCfg = Debug|Any CPU
		{CBBA364D-F65D-411E-8B15-4604867ABE89}.AppStore|ARM.Build.0 = Debug|Any CPU
		{CBBA364D-F65D-411E-8B15-4604867ABE89}.AppStore|ARM64.ActiveCfg = Debug|Any CPU
		{CBBA364D-F65D-411E-8B15-4604867ABE89}.AppStore|ARM64.Build.0 = Debug|Any CPU
		{CBBA364D-F65D-411E-8B15-4604867ABE89}.AppStore|iPhone.ActiveCfg = Debug|Any CPU
		{CBBA364D-F65D-411E-8B15-4604867ABE89}.AppStore|iPhone.Build.0 = Debug|Any CPU
		{CBBA364D-F65D-411E-8B15-4604867ABE89}.AppStore|iPhoneSimulator.ActiveCfg = Debug|Any CPU
		{CBBA364D-F65D-411E-8B15-4604867ABE89}.AppStore|iPhoneSimulator.Build.0 = Debug|Any CPU
		{CBBA364D-F65D-411E-8B15-4604867ABE89}.AppStore|x64.ActiveCfg = Debug|Any CPU
		{CBBA364D-F65D-411E-8B15-4604867ABE89}.AppStore|x64.Build.0 = Debug|Any CPU
		{CBBA364D-F65D-411E-8B15-4604867ABE89}.AppStore|x86.ActiveCfg = Debug|Any CPU
		{CBBA364D-F65D-411E-8B15-4604867ABE89}.AppStore|x86.Build.0 = Debug|Any CPU
		{CBBA364D-F65D-411E-8B15-4604867ABE89}.Debug|Any CPU.ActiveCfg = Debug|Any CPU
		{CBBA364D-F65D-411E-8B15-4604867ABE89}.Debug|Any CPU.Build.0 = Debug|Any CPU
		{CBBA364D-F65D-411E-8B15-4604867ABE89}.Debug|ARM.ActiveCfg = Debug|Any CPU
		{CBBA364D-F65D-411E-8B15-4604867ABE89}.Debug|ARM.Build.0 = Debug|Any CPU
		{CBBA364D-F65D-411E-8B15-4604867ABE89}.Debug|ARM64.ActiveCfg = Debug|Any CPU
		{CBBA364D-F65D-411E-8B15-4604867ABE89}.Debug|ARM64.Build.0 = Debug|Any CPU
		{CBBA364D-F65D-411E-8B15-4604867ABE89}.Debug|iPhone.ActiveCfg = Debug|Any CPU
		{CBBA364D-F65D-411E-8B15-4604867ABE89}.Debug|iPhone.Build.0 = Debug|Any CPU
		{CBBA364D-F65D-411E-8B15-4604867ABE89}.Debug|iPhoneSimulator.ActiveCfg = Debug|Any CPU
		{CBBA364D-F65D-411E-8B15-4604867ABE89}.Debug|iPhoneSimulator.Build.0 = Debug|Any CPU
		{CBBA364D-F65D-411E-8B15-4604867ABE89}.Debug|x64.ActiveCfg = Debug|Any CPU
		{CBBA364D-F65D-411E-8B15-4604867ABE89}.Debug|x64.Build.0 = Debug|Any CPU
		{CBBA364D-F65D-411E-8B15-4604867ABE89}.Debug|x86.ActiveCfg = Debug|Any CPU
		{CBBA364D-F65D-411E-8B15-4604867ABE89}.Debug|x86.Build.0 = Debug|Any CPU
		{CBBA364D-F65D-411E-8B15-4604867ABE89}.Release|Any CPU.ActiveCfg = Release|Any CPU
		{CBBA364D-F65D-411E-8B15-4604867ABE89}.Release|Any CPU.Build.0 = Release|Any CPU
		{CBBA364D-F65D-411E-8B15-4604867ABE89}.Release|ARM.ActiveCfg = Release|Any CPU
		{CBBA364D-F65D-411E-8B15-4604867ABE89}.Release|ARM.Build.0 = Release|Any CPU
		{CBBA364D-F65D-411E-8B15-4604867ABE89}.Release|ARM64.ActiveCfg = Release|Any CPU
		{CBBA364D-F65D-411E-8B15-4604867ABE89}.Release|ARM64.Build.0 = Release|Any CPU
		{CBBA364D-F65D-411E-8B15-4604867ABE89}.Release|iPhone.ActiveCfg = Release|Any CPU
		{CBBA364D-F65D-411E-8B15-4604867ABE89}.Release|iPhone.Build.0 = Release|Any CPU
		{CBBA364D-F65D-411E-8B15-4604867ABE89}.Release|iPhoneSimulator.ActiveCfg = Release|Any CPU
		{CBBA364D-F65D-411E-8B15-4604867ABE89}.Release|iPhoneSimulator.Build.0 = Release|Any CPU
		{CBBA364D-F65D-411E-8B15-4604867ABE89}.Release|x64.ActiveCfg = Release|Any CPU
		{CBBA364D-F65D-411E-8B15-4604867ABE89}.Release|x64.Build.0 = Release|Any CPU
		{CBBA364D-F65D-411E-8B15-4604867ABE89}.Release|x86.ActiveCfg = Release|Any CPU
		{CBBA364D-F65D-411E-8B15-4604867ABE89}.Release|x86.Build.0 = Release|Any CPU
		{6490FFB9-D80A-430F-B252-2C084FD71BDB}.Ad-Hoc|Any CPU.ActiveCfg = Debug|iPhoneSimulator
		{6490FFB9-D80A-430F-B252-2C084FD71BDB}.Ad-Hoc|Any CPU.Build.0 = Debug|iPhoneSimulator
		{6490FFB9-D80A-430F-B252-2C084FD71BDB}.Ad-Hoc|ARM.ActiveCfg = Debug|iPhoneSimulator
		{6490FFB9-D80A-430F-B252-2C084FD71BDB}.Ad-Hoc|ARM.Build.0 = Debug|iPhoneSimulator
		{6490FFB9-D80A-430F-B252-2C084FD71BDB}.Ad-Hoc|ARM64.ActiveCfg = Debug|iPhoneSimulator
		{6490FFB9-D80A-430F-B252-2C084FD71BDB}.Ad-Hoc|ARM64.Build.0 = Debug|iPhoneSimulator
		{6490FFB9-D80A-430F-B252-2C084FD71BDB}.Ad-Hoc|iPhone.ActiveCfg = Debug|iPhoneSimulator
		{6490FFB9-D80A-430F-B252-2C084FD71BDB}.Ad-Hoc|iPhone.Build.0 = Debug|iPhoneSimulator
		{6490FFB9-D80A-430F-B252-2C084FD71BDB}.Ad-Hoc|iPhoneSimulator.ActiveCfg = Debug|iPhoneSimulator
		{6490FFB9-D80A-430F-B252-2C084FD71BDB}.Ad-Hoc|iPhoneSimulator.Build.0 = Debug|iPhoneSimulator
		{6490FFB9-D80A-430F-B252-2C084FD71BDB}.Ad-Hoc|x64.ActiveCfg = Debug|iPhoneSimulator
		{6490FFB9-D80A-430F-B252-2C084FD71BDB}.Ad-Hoc|x64.Build.0 = Debug|iPhoneSimulator
		{6490FFB9-D80A-430F-B252-2C084FD71BDB}.Ad-Hoc|x86.ActiveCfg = Debug|iPhoneSimulator
		{6490FFB9-D80A-430F-B252-2C084FD71BDB}.Ad-Hoc|x86.Build.0 = Debug|iPhoneSimulator
		{6490FFB9-D80A-430F-B252-2C084FD71BDB}.AppStore|Any CPU.ActiveCfg = Debug|iPhoneSimulator
		{6490FFB9-D80A-430F-B252-2C084FD71BDB}.AppStore|Any CPU.Build.0 = Debug|iPhoneSimulator
		{6490FFB9-D80A-430F-B252-2C084FD71BDB}.AppStore|ARM.ActiveCfg = Debug|iPhoneSimulator
		{6490FFB9-D80A-430F-B252-2C084FD71BDB}.AppStore|ARM.Build.0 = Debug|iPhoneSimulator
		{6490FFB9-D80A-430F-B252-2C084FD71BDB}.AppStore|ARM64.ActiveCfg = Debug|iPhoneSimulator
		{6490FFB9-D80A-430F-B252-2C084FD71BDB}.AppStore|ARM64.Build.0 = Debug|iPhoneSimulator
		{6490FFB9-D80A-430F-B252-2C084FD71BDB}.AppStore|iPhone.ActiveCfg = Debug|iPhoneSimulator
		{6490FFB9-D80A-430F-B252-2C084FD71BDB}.AppStore|iPhone.Build.0 = Debug|iPhoneSimulator
		{6490FFB9-D80A-430F-B252-2C084FD71BDB}.AppStore|iPhoneSimulator.ActiveCfg = Debug|iPhoneSimulator
		{6490FFB9-D80A-430F-B252-2C084FD71BDB}.AppStore|iPhoneSimulator.Build.0 = Debug|iPhoneSimulator
		{6490FFB9-D80A-430F-B252-2C084FD71BDB}.AppStore|x64.ActiveCfg = Debug|iPhoneSimulator
		{6490FFB9-D80A-430F-B252-2C084FD71BDB}.AppStore|x64.Build.0 = Debug|iPhoneSimulator
		{6490FFB9-D80A-430F-B252-2C084FD71BDB}.AppStore|x86.ActiveCfg = Debug|iPhoneSimulator
		{6490FFB9-D80A-430F-B252-2C084FD71BDB}.AppStore|x86.Build.0 = Debug|iPhoneSimulator
		{6490FFB9-D80A-430F-B252-2C084FD71BDB}.Debug|Any CPU.ActiveCfg = Debug|iPhoneSimulator
		{6490FFB9-D80A-430F-B252-2C084FD71BDB}.Debug|ARM.ActiveCfg = Debug|iPhoneSimulator
		{6490FFB9-D80A-430F-B252-2C084FD71BDB}.Debug|ARM64.ActiveCfg = Debug|iPhoneSimulator
		{6490FFB9-D80A-430F-B252-2C084FD71BDB}.Debug|iPhone.ActiveCfg = Debug|iPhoneSimulator
		{6490FFB9-D80A-430F-B252-2C084FD71BDB}.Debug|iPhoneSimulator.ActiveCfg = Debug|iPhoneSimulator
		{6490FFB9-D80A-430F-B252-2C084FD71BDB}.Debug|iPhoneSimulator.Build.0 = Debug|iPhoneSimulator
		{6490FFB9-D80A-430F-B252-2C084FD71BDB}.Debug|x64.ActiveCfg = Debug|iPhoneSimulator
		{6490FFB9-D80A-430F-B252-2C084FD71BDB}.Debug|x86.ActiveCfg = Debug|iPhoneSimulator
		{6490FFB9-D80A-430F-B252-2C084FD71BDB}.Release|Any CPU.ActiveCfg = Release|iPhoneSimulator
		{6490FFB9-D80A-430F-B252-2C084FD71BDB}.Release|ARM.ActiveCfg = Release|iPhoneSimulator
		{6490FFB9-D80A-430F-B252-2C084FD71BDB}.Release|ARM64.ActiveCfg = Release|iPhoneSimulator
		{6490FFB9-D80A-430F-B252-2C084FD71BDB}.Release|iPhone.ActiveCfg = Release|iPhoneSimulator
		{6490FFB9-D80A-430F-B252-2C084FD71BDB}.Release|iPhoneSimulator.ActiveCfg = Release|iPhoneSimulator
		{6490FFB9-D80A-430F-B252-2C084FD71BDB}.Release|iPhoneSimulator.Build.0 = Release|iPhoneSimulator
		{6490FFB9-D80A-430F-B252-2C084FD71BDB}.Release|x64.ActiveCfg = Release|iPhoneSimulator
		{6490FFB9-D80A-430F-B252-2C084FD71BDB}.Release|x86.ActiveCfg = Release|iPhoneSimulator
		{32EBEF7C-10D0-4BD8-B77A-8F8C0590F87A}.Ad-Hoc|Any CPU.ActiveCfg = Debug|Any CPU
		{32EBEF7C-10D0-4BD8-B77A-8F8C0590F87A}.Ad-Hoc|Any CPU.Build.0 = Debug|Any CPU
		{32EBEF7C-10D0-4BD8-B77A-8F8C0590F87A}.Ad-Hoc|ARM.ActiveCfg = Debug|Any CPU
		{32EBEF7C-10D0-4BD8-B77A-8F8C0590F87A}.Ad-Hoc|ARM.Build.0 = Debug|Any CPU
		{32EBEF7C-10D0-4BD8-B77A-8F8C0590F87A}.Ad-Hoc|ARM64.ActiveCfg = Debug|Any CPU
		{32EBEF7C-10D0-4BD8-B77A-8F8C0590F87A}.Ad-Hoc|ARM64.Build.0 = Debug|Any CPU
		{32EBEF7C-10D0-4BD8-B77A-8F8C0590F87A}.Ad-Hoc|iPhone.ActiveCfg = Debug|Any CPU
		{32EBEF7C-10D0-4BD8-B77A-8F8C0590F87A}.Ad-Hoc|iPhone.Build.0 = Debug|Any CPU
		{32EBEF7C-10D0-4BD8-B77A-8F8C0590F87A}.Ad-Hoc|iPhoneSimulator.ActiveCfg = Debug|Any CPU
		{32EBEF7C-10D0-4BD8-B77A-8F8C0590F87A}.Ad-Hoc|iPhoneSimulator.Build.0 = Debug|Any CPU
		{32EBEF7C-10D0-4BD8-B77A-8F8C0590F87A}.Ad-Hoc|x64.ActiveCfg = Debug|Any CPU
		{32EBEF7C-10D0-4BD8-B77A-8F8C0590F87A}.Ad-Hoc|x64.Build.0 = Debug|Any CPU
		{32EBEF7C-10D0-4BD8-B77A-8F8C0590F87A}.Ad-Hoc|x86.ActiveCfg = Debug|Any CPU
		{32EBEF7C-10D0-4BD8-B77A-8F8C0590F87A}.Ad-Hoc|x86.Build.0 = Debug|Any CPU
		{32EBEF7C-10D0-4BD8-B77A-8F8C0590F87A}.AppStore|Any CPU.ActiveCfg = Debug|Any CPU
		{32EBEF7C-10D0-4BD8-B77A-8F8C0590F87A}.AppStore|Any CPU.Build.0 = Debug|Any CPU
		{32EBEF7C-10D0-4BD8-B77A-8F8C0590F87A}.AppStore|ARM.ActiveCfg = Debug|Any CPU
		{32EBEF7C-10D0-4BD8-B77A-8F8C0590F87A}.AppStore|ARM.Build.0 = Debug|Any CPU
		{32EBEF7C-10D0-4BD8-B77A-8F8C0590F87A}.AppStore|ARM64.ActiveCfg = Debug|Any CPU
		{32EBEF7C-10D0-4BD8-B77A-8F8C0590F87A}.AppStore|ARM64.Build.0 = Debug|Any CPU
		{32EBEF7C-10D0-4BD8-B77A-8F8C0590F87A}.AppStore|iPhone.ActiveCfg = Debug|Any CPU
		{32EBEF7C-10D0-4BD8-B77A-8F8C0590F87A}.AppStore|iPhone.Build.0 = Debug|Any CPU
		{32EBEF7C-10D0-4BD8-B77A-8F8C0590F87A}.AppStore|iPhoneSimulator.ActiveCfg = Debug|Any CPU
		{32EBEF7C-10D0-4BD8-B77A-8F8C0590F87A}.AppStore|iPhoneSimulator.Build.0 = Debug|Any CPU
		{32EBEF7C-10D0-4BD8-B77A-8F8C0590F87A}.AppStore|x64.ActiveCfg = Debug|Any CPU
		{32EBEF7C-10D0-4BD8-B77A-8F8C0590F87A}.AppStore|x64.Build.0 = Debug|Any CPU
		{32EBEF7C-10D0-4BD8-B77A-8F8C0590F87A}.AppStore|x86.ActiveCfg = Debug|Any CPU
		{32EBEF7C-10D0-4BD8-B77A-8F8C0590F87A}.AppStore|x86.Build.0 = Debug|Any CPU
		{32EBEF7C-10D0-4BD8-B77A-8F8C0590F87A}.Debug|Any CPU.ActiveCfg = Debug|Any CPU
		{32EBEF7C-10D0-4BD8-B77A-8F8C0590F87A}.Debug|Any CPU.Build.0 = Debug|Any CPU
		{32EBEF7C-10D0-4BD8-B77A-8F8C0590F87A}.Debug|ARM.ActiveCfg = Debug|Any CPU
		{32EBEF7C-10D0-4BD8-B77A-8F8C0590F87A}.Debug|ARM.Build.0 = Debug|Any CPU
		{32EBEF7C-10D0-4BD8-B77A-8F8C0590F87A}.Debug|ARM64.ActiveCfg = Debug|Any CPU
		{32EBEF7C-10D0-4BD8-B77A-8F8C0590F87A}.Debug|ARM64.Build.0 = Debug|Any CPU
		{32EBEF7C-10D0-4BD8-B77A-8F8C0590F87A}.Debug|iPhone.ActiveCfg = Debug|Any CPU
		{32EBEF7C-10D0-4BD8-B77A-8F8C0590F87A}.Debug|iPhone.Build.0 = Debug|Any CPU
		{32EBEF7C-10D0-4BD8-B77A-8F8C0590F87A}.Debug|iPhoneSimulator.ActiveCfg = Debug|Any CPU
		{32EBEF7C-10D0-4BD8-B77A-8F8C0590F87A}.Debug|iPhoneSimulator.Build.0 = Debug|Any CPU
		{32EBEF7C-10D0-4BD8-B77A-8F8C0590F87A}.Debug|x64.ActiveCfg = Debug|Any CPU
		{32EBEF7C-10D0-4BD8-B77A-8F8C0590F87A}.Debug|x64.Build.0 = Debug|Any CPU
		{32EBEF7C-10D0-4BD8-B77A-8F8C0590F87A}.Debug|x86.ActiveCfg = Debug|Any CPU
		{32EBEF7C-10D0-4BD8-B77A-8F8C0590F87A}.Debug|x86.Build.0 = Debug|Any CPU
		{32EBEF7C-10D0-4BD8-B77A-8F8C0590F87A}.Release|Any CPU.ActiveCfg = Release|Any CPU
		{32EBEF7C-10D0-4BD8-B77A-8F8C0590F87A}.Release|Any CPU.Build.0 = Release|Any CPU
		{32EBEF7C-10D0-4BD8-B77A-8F8C0590F87A}.Release|ARM.ActiveCfg = Release|Any CPU
		{32EBEF7C-10D0-4BD8-B77A-8F8C0590F87A}.Release|ARM.Build.0 = Release|Any CPU
		{32EBEF7C-10D0-4BD8-B77A-8F8C0590F87A}.Release|ARM64.ActiveCfg = Release|Any CPU
		{32EBEF7C-10D0-4BD8-B77A-8F8C0590F87A}.Release|ARM64.Build.0 = Release|Any CPU
		{32EBEF7C-10D0-4BD8-B77A-8F8C0590F87A}.Release|iPhone.ActiveCfg = Release|Any CPU
		{32EBEF7C-10D0-4BD8-B77A-8F8C0590F87A}.Release|iPhone.Build.0 = Release|Any CPU
		{32EBEF7C-10D0-4BD8-B77A-8F8C0590F87A}.Release|iPhoneSimulator.ActiveCfg = Release|Any CPU
		{32EBEF7C-10D0-4BD8-B77A-8F8C0590F87A}.Release|iPhoneSimulator.Build.0 = Release|Any CPU
		{32EBEF7C-10D0-4BD8-B77A-8F8C0590F87A}.Release|x64.ActiveCfg = Release|Any CPU
		{32EBEF7C-10D0-4BD8-B77A-8F8C0590F87A}.Release|x64.Build.0 = Release|Any CPU
		{32EBEF7C-10D0-4BD8-B77A-8F8C0590F87A}.Release|x86.ActiveCfg = Release|Any CPU
		{32EBEF7C-10D0-4BD8-B77A-8F8C0590F87A}.Release|x86.Build.0 = Release|Any CPU
		{0F9F7240-8F6B-47EC-A41F-40B8CF875A5F}.Ad-Hoc|Any CPU.ActiveCfg = Debug|Any CPU
		{0F9F7240-8F6B-47EC-A41F-40B8CF875A5F}.Ad-Hoc|Any CPU.Build.0 = Debug|Any CPU
		{0F9F7240-8F6B-47EC-A41F-40B8CF875A5F}.Ad-Hoc|ARM.ActiveCfg = Debug|Any CPU
		{0F9F7240-8F6B-47EC-A41F-40B8CF875A5F}.Ad-Hoc|ARM.Build.0 = Debug|Any CPU
		{0F9F7240-8F6B-47EC-A41F-40B8CF875A5F}.Ad-Hoc|ARM64.ActiveCfg = Debug|Any CPU
		{0F9F7240-8F6B-47EC-A41F-40B8CF875A5F}.Ad-Hoc|ARM64.Build.0 = Debug|Any CPU
		{0F9F7240-8F6B-47EC-A41F-40B8CF875A5F}.Ad-Hoc|iPhone.ActiveCfg = Debug|Any CPU
		{0F9F7240-8F6B-47EC-A41F-40B8CF875A5F}.Ad-Hoc|iPhone.Build.0 = Debug|Any CPU
		{0F9F7240-8F6B-47EC-A41F-40B8CF875A5F}.Ad-Hoc|iPhoneSimulator.ActiveCfg = Debug|Any CPU
		{0F9F7240-8F6B-47EC-A41F-40B8CF875A5F}.Ad-Hoc|iPhoneSimulator.Build.0 = Debug|Any CPU
		{0F9F7240-8F6B-47EC-A41F-40B8CF875A5F}.Ad-Hoc|x64.ActiveCfg = Debug|Any CPU
		{0F9F7240-8F6B-47EC-A41F-40B8CF875A5F}.Ad-Hoc|x64.Build.0 = Debug|Any CPU
		{0F9F7240-8F6B-47EC-A41F-40B8CF875A5F}.Ad-Hoc|x86.ActiveCfg = Debug|Any CPU
		{0F9F7240-8F6B-47EC-A41F-40B8CF875A5F}.Ad-Hoc|x86.Build.0 = Debug|Any CPU
		{0F9F7240-8F6B-47EC-A41F-40B8CF875A5F}.AppStore|Any CPU.ActiveCfg = Debug|Any CPU
		{0F9F7240-8F6B-47EC-A41F-40B8CF875A5F}.AppStore|Any CPU.Build.0 = Debug|Any CPU
		{0F9F7240-8F6B-47EC-A41F-40B8CF875A5F}.AppStore|ARM.ActiveCfg = Debug|Any CPU
		{0F9F7240-8F6B-47EC-A41F-40B8CF875A5F}.AppStore|ARM.Build.0 = Debug|Any CPU
		{0F9F7240-8F6B-47EC-A41F-40B8CF875A5F}.AppStore|ARM64.ActiveCfg = Debug|Any CPU
		{0F9F7240-8F6B-47EC-A41F-40B8CF875A5F}.AppStore|ARM64.Build.0 = Debug|Any CPU
		{0F9F7240-8F6B-47EC-A41F-40B8CF875A5F}.AppStore|iPhone.ActiveCfg = Debug|Any CPU
		{0F9F7240-8F6B-47EC-A41F-40B8CF875A5F}.AppStore|iPhone.Build.0 = Debug|Any CPU
		{0F9F7240-8F6B-47EC-A41F-40B8CF875A5F}.AppStore|iPhoneSimulator.ActiveCfg = Debug|Any CPU
		{0F9F7240-8F6B-47EC-A41F-40B8CF875A5F}.AppStore|iPhoneSimulator.Build.0 = Debug|Any CPU
		{0F9F7240-8F6B-47EC-A41F-40B8CF875A5F}.AppStore|x64.ActiveCfg = Debug|Any CPU
		{0F9F7240-8F6B-47EC-A41F-40B8CF875A5F}.AppStore|x64.Build.0 = Debug|Any CPU
		{0F9F7240-8F6B-47EC-A41F-40B8CF875A5F}.AppStore|x86.ActiveCfg = Debug|Any CPU
		{0F9F7240-8F6B-47EC-A41F-40B8CF875A5F}.AppStore|x86.Build.0 = Debug|Any CPU
		{0F9F7240-8F6B-47EC-A41F-40B8CF875A5F}.Debug|Any CPU.ActiveCfg = Debug|Any CPU
		{0F9F7240-8F6B-47EC-A41F-40B8CF875A5F}.Debug|Any CPU.Build.0 = Debug|Any CPU
		{0F9F7240-8F6B-47EC-A41F-40B8CF875A5F}.Debug|ARM.ActiveCfg = Debug|Any CPU
		{0F9F7240-8F6B-47EC-A41F-40B8CF875A5F}.Debug|ARM.Build.0 = Debug|Any CPU
		{0F9F7240-8F6B-47EC-A41F-40B8CF875A5F}.Debug|ARM64.ActiveCfg = Debug|Any CPU
		{0F9F7240-8F6B-47EC-A41F-40B8CF875A5F}.Debug|ARM64.Build.0 = Debug|Any CPU
		{0F9F7240-8F6B-47EC-A41F-40B8CF875A5F}.Debug|iPhone.ActiveCfg = Debug|Any CPU
		{0F9F7240-8F6B-47EC-A41F-40B8CF875A5F}.Debug|iPhone.Build.0 = Debug|Any CPU
		{0F9F7240-8F6B-47EC-A41F-40B8CF875A5F}.Debug|iPhoneSimulator.ActiveCfg = Debug|Any CPU
		{0F9F7240-8F6B-47EC-A41F-40B8CF875A5F}.Debug|iPhoneSimulator.Build.0 = Debug|Any CPU
		{0F9F7240-8F6B-47EC-A41F-40B8CF875A5F}.Debug|x64.ActiveCfg = Debug|Any CPU
		{0F9F7240-8F6B-47EC-A41F-40B8CF875A5F}.Debug|x64.Build.0 = Debug|Any CPU
		{0F9F7240-8F6B-47EC-A41F-40B8CF875A5F}.Debug|x86.ActiveCfg = Debug|Any CPU
		{0F9F7240-8F6B-47EC-A41F-40B8CF875A5F}.Debug|x86.Build.0 = Debug|Any CPU
		{0F9F7240-8F6B-47EC-A41F-40B8CF875A5F}.Release|Any CPU.ActiveCfg = Release|Any CPU
		{0F9F7240-8F6B-47EC-A41F-40B8CF875A5F}.Release|Any CPU.Build.0 = Release|Any CPU
		{0F9F7240-8F6B-47EC-A41F-40B8CF875A5F}.Release|ARM.ActiveCfg = Release|Any CPU
		{0F9F7240-8F6B-47EC-A41F-40B8CF875A5F}.Release|ARM.Build.0 = Release|Any CPU
		{0F9F7240-8F6B-47EC-A41F-40B8CF875A5F}.Release|ARM64.ActiveCfg = Release|Any CPU
		{0F9F7240-8F6B-47EC-A41F-40B8CF875A5F}.Release|ARM64.Build.0 = Release|Any CPU
		{0F9F7240-8F6B-47EC-A41F-40B8CF875A5F}.Release|iPhone.ActiveCfg = Release|Any CPU
		{0F9F7240-8F6B-47EC-A41F-40B8CF875A5F}.Release|iPhone.Build.0 = Release|Any CPU
		{0F9F7240-8F6B-47EC-A41F-40B8CF875A5F}.Release|iPhoneSimulator.ActiveCfg = Release|Any CPU
		{0F9F7240-8F6B-47EC-A41F-40B8CF875A5F}.Release|iPhoneSimulator.Build.0 = Release|Any CPU
		{0F9F7240-8F6B-47EC-A41F-40B8CF875A5F}.Release|x64.ActiveCfg = Release|Any CPU
		{0F9F7240-8F6B-47EC-A41F-40B8CF875A5F}.Release|x64.Build.0 = Release|Any CPU
		{0F9F7240-8F6B-47EC-A41F-40B8CF875A5F}.Release|x86.ActiveCfg = Release|Any CPU
		{0F9F7240-8F6B-47EC-A41F-40B8CF875A5F}.Release|x86.Build.0 = Release|Any CPU
		{F493754F-107E-46E5-AD25-C8943BEFFADA}.Ad-Hoc|Any CPU.ActiveCfg = Debug|Any CPU
		{F493754F-107E-46E5-AD25-C8943BEFFADA}.Ad-Hoc|Any CPU.Build.0 = Debug|Any CPU
		{F493754F-107E-46E5-AD25-C8943BEFFADA}.Ad-Hoc|ARM.ActiveCfg = Debug|Any CPU
		{F493754F-107E-46E5-AD25-C8943BEFFADA}.Ad-Hoc|ARM.Build.0 = Debug|Any CPU
		{F493754F-107E-46E5-AD25-C8943BEFFADA}.Ad-Hoc|ARM64.ActiveCfg = Debug|Any CPU
		{F493754F-107E-46E5-AD25-C8943BEFFADA}.Ad-Hoc|ARM64.Build.0 = Debug|Any CPU
		{F493754F-107E-46E5-AD25-C8943BEFFADA}.Ad-Hoc|iPhone.ActiveCfg = Debug|Any CPU
		{F493754F-107E-46E5-AD25-C8943BEFFADA}.Ad-Hoc|iPhone.Build.0 = Debug|Any CPU
		{F493754F-107E-46E5-AD25-C8943BEFFADA}.Ad-Hoc|iPhoneSimulator.ActiveCfg = Debug|Any CPU
		{F493754F-107E-46E5-AD25-C8943BEFFADA}.Ad-Hoc|iPhoneSimulator.Build.0 = Debug|Any CPU
		{F493754F-107E-46E5-AD25-C8943BEFFADA}.Ad-Hoc|x64.ActiveCfg = Debug|Any CPU
		{F493754F-107E-46E5-AD25-C8943BEFFADA}.Ad-Hoc|x64.Build.0 = Debug|Any CPU
		{F493754F-107E-46E5-AD25-C8943BEFFADA}.Ad-Hoc|x86.ActiveCfg = Debug|Any CPU
		{F493754F-107E-46E5-AD25-C8943BEFFADA}.Ad-Hoc|x86.Build.0 = Debug|Any CPU
		{F493754F-107E-46E5-AD25-C8943BEFFADA}.AppStore|Any CPU.ActiveCfg = Debug|Any CPU
		{F493754F-107E-46E5-AD25-C8943BEFFADA}.AppStore|Any CPU.Build.0 = Debug|Any CPU
		{F493754F-107E-46E5-AD25-C8943BEFFADA}.AppStore|ARM.ActiveCfg = Debug|Any CPU
		{F493754F-107E-46E5-AD25-C8943BEFFADA}.AppStore|ARM.Build.0 = Debug|Any CPU
		{F493754F-107E-46E5-AD25-C8943BEFFADA}.AppStore|ARM64.ActiveCfg = Debug|Any CPU
		{F493754F-107E-46E5-AD25-C8943BEFFADA}.AppStore|ARM64.Build.0 = Debug|Any CPU
		{F493754F-107E-46E5-AD25-C8943BEFFADA}.AppStore|iPhone.ActiveCfg = Debug|Any CPU
		{F493754F-107E-46E5-AD25-C8943BEFFADA}.AppStore|iPhone.Build.0 = Debug|Any CPU
		{F493754F-107E-46E5-AD25-C8943BEFFADA}.AppStore|iPhoneSimulator.ActiveCfg = Debug|Any CPU
		{F493754F-107E-46E5-AD25-C8943BEFFADA}.AppStore|iPhoneSimulator.Build.0 = Debug|Any CPU
		{F493754F-107E-46E5-AD25-C8943BEFFADA}.AppStore|x64.ActiveCfg = Debug|Any CPU
		{F493754F-107E-46E5-AD25-C8943BEFFADA}.AppStore|x64.Build.0 = Debug|Any CPU
		{F493754F-107E-46E5-AD25-C8943BEFFADA}.AppStore|x86.ActiveCfg = Debug|Any CPU
		{F493754F-107E-46E5-AD25-C8943BEFFADA}.AppStore|x86.Build.0 = Debug|Any CPU
		{F493754F-107E-46E5-AD25-C8943BEFFADA}.Debug|Any CPU.ActiveCfg = Debug|Any CPU
		{F493754F-107E-46E5-AD25-C8943BEFFADA}.Debug|Any CPU.Build.0 = Debug|Any CPU
		{F493754F-107E-46E5-AD25-C8943BEFFADA}.Debug|ARM.ActiveCfg = Debug|Any CPU
		{F493754F-107E-46E5-AD25-C8943BEFFADA}.Debug|ARM.Build.0 = Debug|Any CPU
		{F493754F-107E-46E5-AD25-C8943BEFFADA}.Debug|ARM64.ActiveCfg = Debug|Any CPU
		{F493754F-107E-46E5-AD25-C8943BEFFADA}.Debug|ARM64.Build.0 = Debug|Any CPU
		{F493754F-107E-46E5-AD25-C8943BEFFADA}.Debug|iPhone.ActiveCfg = Debug|Any CPU
		{F493754F-107E-46E5-AD25-C8943BEFFADA}.Debug|iPhone.Build.0 = Debug|Any CPU
		{F493754F-107E-46E5-AD25-C8943BEFFADA}.Debug|iPhoneSimulator.ActiveCfg = Debug|Any CPU
		{F493754F-107E-46E5-AD25-C8943BEFFADA}.Debug|iPhoneSimulator.Build.0 = Debug|Any CPU
		{F493754F-107E-46E5-AD25-C8943BEFFADA}.Debug|x64.ActiveCfg = Debug|Any CPU
		{F493754F-107E-46E5-AD25-C8943BEFFADA}.Debug|x64.Build.0 = Debug|Any CPU
		{F493754F-107E-46E5-AD25-C8943BEFFADA}.Debug|x86.ActiveCfg = Debug|Any CPU
		{F493754F-107E-46E5-AD25-C8943BEFFADA}.Debug|x86.Build.0 = Debug|Any CPU
		{F493754F-107E-46E5-AD25-C8943BEFFADA}.Release|Any CPU.ActiveCfg = Release|Any CPU
		{F493754F-107E-46E5-AD25-C8943BEFFADA}.Release|Any CPU.Build.0 = Release|Any CPU
		{F493754F-107E-46E5-AD25-C8943BEFFADA}.Release|ARM.ActiveCfg = Release|Any CPU
		{F493754F-107E-46E5-AD25-C8943BEFFADA}.Release|ARM.Build.0 = Release|Any CPU
		{F493754F-107E-46E5-AD25-C8943BEFFADA}.Release|ARM64.ActiveCfg = Release|Any CPU
		{F493754F-107E-46E5-AD25-C8943BEFFADA}.Release|ARM64.Build.0 = Release|Any CPU
		{F493754F-107E-46E5-AD25-C8943BEFFADA}.Release|iPhone.ActiveCfg = Release|Any CPU
		{F493754F-107E-46E5-AD25-C8943BEFFADA}.Release|iPhone.Build.0 = Release|Any CPU
		{F493754F-107E-46E5-AD25-C8943BEFFADA}.Release|iPhoneSimulator.ActiveCfg = Release|Any CPU
		{F493754F-107E-46E5-AD25-C8943BEFFADA}.Release|iPhoneSimulator.Build.0 = Release|Any CPU
		{F493754F-107E-46E5-AD25-C8943BEFFADA}.Release|x64.ActiveCfg = Release|Any CPU
		{F493754F-107E-46E5-AD25-C8943BEFFADA}.Release|x64.Build.0 = Release|Any CPU
		{F493754F-107E-46E5-AD25-C8943BEFFADA}.Release|x86.ActiveCfg = Release|Any CPU
		{F493754F-107E-46E5-AD25-C8943BEFFADA}.Release|x86.Build.0 = Release|Any CPU
		{348A45F3-1BB2-422E-AD49-AAAD7979E45D}.Ad-Hoc|Any CPU.ActiveCfg = Debug|Any CPU
		{348A45F3-1BB2-422E-AD49-AAAD7979E45D}.Ad-Hoc|Any CPU.Build.0 = Debug|Any CPU
		{348A45F3-1BB2-422E-AD49-AAAD7979E45D}.Ad-Hoc|ARM.ActiveCfg = Debug|Any CPU
		{348A45F3-1BB2-422E-AD49-AAAD7979E45D}.Ad-Hoc|ARM.Build.0 = Debug|Any CPU
		{348A45F3-1BB2-422E-AD49-AAAD7979E45D}.Ad-Hoc|ARM64.ActiveCfg = Debug|Any CPU
		{348A45F3-1BB2-422E-AD49-AAAD7979E45D}.Ad-Hoc|ARM64.Build.0 = Debug|Any CPU
		{348A45F3-1BB2-422E-AD49-AAAD7979E45D}.Ad-Hoc|iPhone.ActiveCfg = Debug|Any CPU
		{348A45F3-1BB2-422E-AD49-AAAD7979E45D}.Ad-Hoc|iPhone.Build.0 = Debug|Any CPU
		{348A45F3-1BB2-422E-AD49-AAAD7979E45D}.Ad-Hoc|iPhoneSimulator.ActiveCfg = Debug|Any CPU
		{348A45F3-1BB2-422E-AD49-AAAD7979E45D}.Ad-Hoc|iPhoneSimulator.Build.0 = Debug|Any CPU
		{348A45F3-1BB2-422E-AD49-AAAD7979E45D}.Ad-Hoc|x64.ActiveCfg = Debug|Any CPU
		{348A45F3-1BB2-422E-AD49-AAAD7979E45D}.Ad-Hoc|x64.Build.0 = Debug|Any CPU
		{348A45F3-1BB2-422E-AD49-AAAD7979E45D}.Ad-Hoc|x86.ActiveCfg = Debug|Any CPU
		{348A45F3-1BB2-422E-AD49-AAAD7979E45D}.Ad-Hoc|x86.Build.0 = Debug|Any CPU
		{348A45F3-1BB2-422E-AD49-AAAD7979E45D}.AppStore|Any CPU.ActiveCfg = Debug|Any CPU
		{348A45F3-1BB2-422E-AD49-AAAD7979E45D}.AppStore|Any CPU.Build.0 = Debug|Any CPU
		{348A45F3-1BB2-422E-AD49-AAAD7979E45D}.AppStore|ARM.ActiveCfg = Debug|Any CPU
		{348A45F3-1BB2-422E-AD49-AAAD7979E45D}.AppStore|ARM.Build.0 = Debug|Any CPU
		{348A45F3-1BB2-422E-AD49-AAAD7979E45D}.AppStore|ARM64.ActiveCfg = Debug|Any CPU
		{348A45F3-1BB2-422E-AD49-AAAD7979E45D}.AppStore|ARM64.Build.0 = Debug|Any CPU
		{348A45F3-1BB2-422E-AD49-AAAD7979E45D}.AppStore|iPhone.ActiveCfg = Debug|Any CPU
		{348A45F3-1BB2-422E-AD49-AAAD7979E45D}.AppStore|iPhone.Build.0 = Debug|Any CPU
		{348A45F3-1BB2-422E-AD49-AAAD7979E45D}.AppStore|iPhoneSimulator.ActiveCfg = Debug|Any CPU
		{348A45F3-1BB2-422E-AD49-AAAD7979E45D}.AppStore|iPhoneSimulator.Build.0 = Debug|Any CPU
		{348A45F3-1BB2-422E-AD49-AAAD7979E45D}.AppStore|x64.ActiveCfg = Debug|Any CPU
		{348A45F3-1BB2-422E-AD49-AAAD7979E45D}.AppStore|x64.Build.0 = Debug|Any CPU
		{348A45F3-1BB2-422E-AD49-AAAD7979E45D}.AppStore|x86.ActiveCfg = Debug|Any CPU
		{348A45F3-1BB2-422E-AD49-AAAD7979E45D}.AppStore|x86.Build.0 = Debug|Any CPU
		{348A45F3-1BB2-422E-AD49-AAAD7979E45D}.Debug|Any CPU.ActiveCfg = Debug|Any CPU
		{348A45F3-1BB2-422E-AD49-AAAD7979E45D}.Debug|Any CPU.Build.0 = Debug|Any CPU
		{348A45F3-1BB2-422E-AD49-AAAD7979E45D}.Debug|ARM.ActiveCfg = Debug|Any CPU
		{348A45F3-1BB2-422E-AD49-AAAD7979E45D}.Debug|ARM.Build.0 = Debug|Any CPU
		{348A45F3-1BB2-422E-AD49-AAAD7979E45D}.Debug|ARM64.ActiveCfg = Debug|Any CPU
		{348A45F3-1BB2-422E-AD49-AAAD7979E45D}.Debug|ARM64.Build.0 = Debug|Any CPU
		{348A45F3-1BB2-422E-AD49-AAAD7979E45D}.Debug|iPhone.ActiveCfg = Debug|Any CPU
		{348A45F3-1BB2-422E-AD49-AAAD7979E45D}.Debug|iPhone.Build.0 = Debug|Any CPU
		{348A45F3-1BB2-422E-AD49-AAAD7979E45D}.Debug|iPhoneSimulator.ActiveCfg = Debug|Any CPU
		{348A45F3-1BB2-422E-AD49-AAAD7979E45D}.Debug|iPhoneSimulator.Build.0 = Debug|Any CPU
		{348A45F3-1BB2-422E-AD49-AAAD7979E45D}.Debug|x64.ActiveCfg = Debug|Any CPU
		{348A45F3-1BB2-422E-AD49-AAAD7979E45D}.Debug|x64.Build.0 = Debug|Any CPU
		{348A45F3-1BB2-422E-AD49-AAAD7979E45D}.Debug|x86.ActiveCfg = Debug|Any CPU
		{348A45F3-1BB2-422E-AD49-AAAD7979E45D}.Debug|x86.Build.0 = Debug|Any CPU
		{348A45F3-1BB2-422E-AD49-AAAD7979E45D}.Release|Any CPU.ActiveCfg = Release|Any CPU
		{348A45F3-1BB2-422E-AD49-AAAD7979E45D}.Release|Any CPU.Build.0 = Release|Any CPU
		{348A45F3-1BB2-422E-AD49-AAAD7979E45D}.Release|ARM.ActiveCfg = Release|Any CPU
		{348A45F3-1BB2-422E-AD49-AAAD7979E45D}.Release|ARM.Build.0 = Release|Any CPU
		{348A45F3-1BB2-422E-AD49-AAAD7979E45D}.Release|ARM64.ActiveCfg = Release|Any CPU
		{348A45F3-1BB2-422E-AD49-AAAD7979E45D}.Release|ARM64.Build.0 = Release|Any CPU
		{348A45F3-1BB2-422E-AD49-AAAD7979E45D}.Release|iPhone.ActiveCfg = Release|Any CPU
		{348A45F3-1BB2-422E-AD49-AAAD7979E45D}.Release|iPhone.Build.0 = Release|Any CPU
		{348A45F3-1BB2-422E-AD49-AAAD7979E45D}.Release|iPhoneSimulator.ActiveCfg = Release|Any CPU
		{348A45F3-1BB2-422E-AD49-AAAD7979E45D}.Release|iPhoneSimulator.Build.0 = Release|Any CPU
		{348A45F3-1BB2-422E-AD49-AAAD7979E45D}.Release|x64.ActiveCfg = Release|Any CPU
		{348A45F3-1BB2-422E-AD49-AAAD7979E45D}.Release|x64.Build.0 = Release|Any CPU
		{348A45F3-1BB2-422E-AD49-AAAD7979E45D}.Release|x86.ActiveCfg = Release|Any CPU
		{348A45F3-1BB2-422E-AD49-AAAD7979E45D}.Release|x86.Build.0 = Release|Any CPU
		{F5A68761-691A-47C9-A25F-4551025D4DBA}.Ad-Hoc|Any CPU.ActiveCfg = Debug|Any CPU
		{F5A68761-691A-47C9-A25F-4551025D4DBA}.Ad-Hoc|Any CPU.Build.0 = Debug|Any CPU
		{F5A68761-691A-47C9-A25F-4551025D4DBA}.Ad-Hoc|ARM.ActiveCfg = Debug|Any CPU
		{F5A68761-691A-47C9-A25F-4551025D4DBA}.Ad-Hoc|ARM.Build.0 = Debug|Any CPU
		{F5A68761-691A-47C9-A25F-4551025D4DBA}.Ad-Hoc|ARM64.ActiveCfg = Debug|Any CPU
		{F5A68761-691A-47C9-A25F-4551025D4DBA}.Ad-Hoc|ARM64.Build.0 = Debug|Any CPU
		{F5A68761-691A-47C9-A25F-4551025D4DBA}.Ad-Hoc|iPhone.ActiveCfg = Debug|Any CPU
		{F5A68761-691A-47C9-A25F-4551025D4DBA}.Ad-Hoc|iPhone.Build.0 = Debug|Any CPU
		{F5A68761-691A-47C9-A25F-4551025D4DBA}.Ad-Hoc|iPhoneSimulator.ActiveCfg = Debug|Any CPU
		{F5A68761-691A-47C9-A25F-4551025D4DBA}.Ad-Hoc|iPhoneSimulator.Build.0 = Debug|Any CPU
		{F5A68761-691A-47C9-A25F-4551025D4DBA}.Ad-Hoc|x64.ActiveCfg = Debug|Any CPU
		{F5A68761-691A-47C9-A25F-4551025D4DBA}.Ad-Hoc|x64.Build.0 = Debug|Any CPU
		{F5A68761-691A-47C9-A25F-4551025D4DBA}.Ad-Hoc|x86.ActiveCfg = Debug|Any CPU
		{F5A68761-691A-47C9-A25F-4551025D4DBA}.Ad-Hoc|x86.Build.0 = Debug|Any CPU
		{F5A68761-691A-47C9-A25F-4551025D4DBA}.AppStore|Any CPU.ActiveCfg = Debug|Any CPU
		{F5A68761-691A-47C9-A25F-4551025D4DBA}.AppStore|Any CPU.Build.0 = Debug|Any CPU
		{F5A68761-691A-47C9-A25F-4551025D4DBA}.AppStore|ARM.ActiveCfg = Debug|Any CPU
		{F5A68761-691A-47C9-A25F-4551025D4DBA}.AppStore|ARM.Build.0 = Debug|Any CPU
		{F5A68761-691A-47C9-A25F-4551025D4DBA}.AppStore|ARM64.ActiveCfg = Debug|Any CPU
		{F5A68761-691A-47C9-A25F-4551025D4DBA}.AppStore|ARM64.Build.0 = Debug|Any CPU
		{F5A68761-691A-47C9-A25F-4551025D4DBA}.AppStore|iPhone.ActiveCfg = Debug|Any CPU
		{F5A68761-691A-47C9-A25F-4551025D4DBA}.AppStore|iPhone.Build.0 = Debug|Any CPU
		{F5A68761-691A-47C9-A25F-4551025D4DBA}.AppStore|iPhoneSimulator.ActiveCfg = Debug|Any CPU
		{F5A68761-691A-47C9-A25F-4551025D4DBA}.AppStore|iPhoneSimulator.Build.0 = Debug|Any CPU
		{F5A68761-691A-47C9-A25F-4551025D4DBA}.AppStore|x64.ActiveCfg = Debug|Any CPU
		{F5A68761-691A-47C9-A25F-4551025D4DBA}.AppStore|x64.Build.0 = Debug|Any CPU
		{F5A68761-691A-47C9-A25F-4551025D4DBA}.AppStore|x86.ActiveCfg = Debug|Any CPU
		{F5A68761-691A-47C9-A25F-4551025D4DBA}.AppStore|x86.Build.0 = Debug|Any CPU
		{F5A68761-691A-47C9-A25F-4551025D4DBA}.Debug|Any CPU.ActiveCfg = Debug|Any CPU
		{F5A68761-691A-47C9-A25F-4551025D4DBA}.Debug|Any CPU.Build.0 = Debug|Any CPU
		{F5A68761-691A-47C9-A25F-4551025D4DBA}.Debug|ARM.ActiveCfg = Debug|Any CPU
		{F5A68761-691A-47C9-A25F-4551025D4DBA}.Debug|ARM.Build.0 = Debug|Any CPU
		{F5A68761-691A-47C9-A25F-4551025D4DBA}.Debug|ARM64.ActiveCfg = Debug|Any CPU
		{F5A68761-691A-47C9-A25F-4551025D4DBA}.Debug|ARM64.Build.0 = Debug|Any CPU
		{F5A68761-691A-47C9-A25F-4551025D4DBA}.Debug|iPhone.ActiveCfg = Debug|Any CPU
		{F5A68761-691A-47C9-A25F-4551025D4DBA}.Debug|iPhone.Build.0 = Debug|Any CPU
		{F5A68761-691A-47C9-A25F-4551025D4DBA}.Debug|iPhoneSimulator.ActiveCfg = Debug|Any CPU
		{F5A68761-691A-47C9-A25F-4551025D4DBA}.Debug|iPhoneSimulator.Build.0 = Debug|Any CPU
		{F5A68761-691A-47C9-A25F-4551025D4DBA}.Debug|x64.ActiveCfg = Debug|Any CPU
		{F5A68761-691A-47C9-A25F-4551025D4DBA}.Debug|x64.Build.0 = Debug|Any CPU
		{F5A68761-691A-47C9-A25F-4551025D4DBA}.Debug|x86.ActiveCfg = Debug|Any CPU
		{F5A68761-691A-47C9-A25F-4551025D4DBA}.Debug|x86.Build.0 = Debug|Any CPU
		{F5A68761-691A-47C9-A25F-4551025D4DBA}.Release|Any CPU.ActiveCfg = Release|Any CPU
		{F5A68761-691A-47C9-A25F-4551025D4DBA}.Release|Any CPU.Build.0 = Release|Any CPU
		{F5A68761-691A-47C9-A25F-4551025D4DBA}.Release|ARM.ActiveCfg = Release|Any CPU
		{F5A68761-691A-47C9-A25F-4551025D4DBA}.Release|ARM.Build.0 = Release|Any CPU
		{F5A68761-691A-47C9-A25F-4551025D4DBA}.Release|ARM64.ActiveCfg = Release|Any CPU
		{F5A68761-691A-47C9-A25F-4551025D4DBA}.Release|ARM64.Build.0 = Release|Any CPU
		{F5A68761-691A-47C9-A25F-4551025D4DBA}.Release|iPhone.ActiveCfg = Release|Any CPU
		{F5A68761-691A-47C9-A25F-4551025D4DBA}.Release|iPhone.Build.0 = Release|Any CPU
		{F5A68761-691A-47C9-A25F-4551025D4DBA}.Release|iPhoneSimulator.ActiveCfg = Release|Any CPU
		{F5A68761-691A-47C9-A25F-4551025D4DBA}.Release|iPhoneSimulator.Build.0 = Release|Any CPU
		{F5A68761-691A-47C9-A25F-4551025D4DBA}.Release|x64.ActiveCfg = Release|Any CPU
		{F5A68761-691A-47C9-A25F-4551025D4DBA}.Release|x64.Build.0 = Release|Any CPU
		{F5A68761-691A-47C9-A25F-4551025D4DBA}.Release|x86.ActiveCfg = Release|Any CPU
		{F5A68761-691A-47C9-A25F-4551025D4DBA}.Release|x86.Build.0 = Release|Any CPU
	EndGlobalSection
	GlobalSection(SolutionProperties) = preSolution
		HideSolutionNode = FALSE
	EndGlobalSection
	GlobalSection(NestedProjects) = preSolution
		{9CEB403A-D46E-4720-B8DF-B746992E4EE0} = {253A5E70-489A-493F-97E9-3660EA719161}
		{ACCE505E-7514-46F6-8C4D-21B20A65BC96} = {253A5E70-489A-493F-97E9-3660EA719161}
		{1BBA3A44-68D6-415D-99F8-B22A591B6FDA} = {253A5E70-489A-493F-97E9-3660EA719161}
		{CBBA364D-F65D-411E-8B15-4604867ABE89} = {253A5E70-489A-493F-97E9-3660EA719161}
		{6490FFB9-D80A-430F-B252-2C084FD71BDB} = {253A5E70-489A-493F-97E9-3660EA719161}
		{32EBEF7C-10D0-4BD8-B77A-8F8C0590F87A} = {253A5E70-489A-493F-97E9-3660EA719161}
		{0F9F7240-8F6B-47EC-A41F-40B8CF875A5F} = {253A5E70-489A-493F-97E9-3660EA719161}
		{F493754F-107E-46E5-AD25-C8943BEFFADA} = {253A5E70-489A-493F-97E9-3660EA719161}
		{348A45F3-1BB2-422E-AD49-AAAD7979E45D} = {253A5E70-489A-493F-97E9-3660EA719161}
	EndGlobalSection
	GlobalSection(ExtensibilityGlobals) = postSolution
		SolutionGuid = {5AD9DAA3-3A88-4087-B0B7-C440DDFFF6C3}
	EndGlobalSection
EndGlobal
